
Microsoft Visual Studio Solution File, Format Version 12.00
# Visual Studio 15
VisualStudioVersion = 15.0.26730.16
MinimumVisualStudioVersion = 10.0.40219.1
Project("{FAE04EC0-301F-11D3-BF4B-00C04F79EFBC}") = "CustomFontDemo.Android", "CustomFontDemo\CustomFontDemo.Android\CustomFontDemo.Android.csproj", "{1242084A-D606-4977-8417-084BBF481F7E}"
EndProject
Project("{FAE04EC0-301F-11D3-BF4B-00C04F79EFBC}") = "CustomFontDemo", "CustomFontDemo\CustomFontDemo\CustomFontDemo.csproj", "{E7EC9BC5-4CB9-4B02-9301-45F1CB5AA903}"
EndProject
Project("{FAE04EC0-301F-11D3-BF4B-00C04F79EFBC}") = "CustomFontDemo.UWP", "CustomFontDemo\CustomFontDemo.UWP\CustomFontDemo.UWP.csproj", "{3553CC11-EDDA-46E1-88B3-1C46FC841C4B}"
EndProject
Project("{FAE04EC0-301F-11D3-BF4B-00C04F79EFBC}") = "CustomFontDemo.iOS", "CustomFontDemo\CustomFontDemo.iOS\CustomFontDemo.iOS.csproj", "{68AC8414-850F-4892-B2B7-8E8967EE67E6}"
EndProject
Global
	GlobalSection(SolutionConfigurationPlatforms) = preSolution
		Ad-Hoc|Any CPU = Ad-Hoc|Any CPU
		Ad-Hoc|ARM = Ad-Hoc|ARM
		Ad-Hoc|iPhone = Ad-Hoc|iPhone
		Ad-Hoc|iPhoneSimulator = Ad-Hoc|iPhoneSimulator
		Ad-Hoc|x64 = Ad-Hoc|x64
		Ad-Hoc|x86 = Ad-Hoc|x86
		AppStore|Any CPU = AppStore|Any CPU
		AppStore|ARM = AppStore|ARM
		AppStore|iPhone = AppStore|iPhone
		AppStore|iPhoneSimulator = AppStore|iPhoneSimulator
		AppStore|x64 = AppStore|x64
		AppStore|x86 = AppStore|x86
		Debug|Any CPU = Debug|Any CPU
		Debug|ARM = Debug|ARM
		Debug|iPhone = Debug|iPhone
		Debug|iPhoneSimulator = Debug|iPhoneSimulator
		Debug|x64 = Debug|x64
		Debug|x86 = Debug|x86
		Release|Any CPU = Release|Any CPU
		Release|ARM = Release|ARM
		Release|iPhone = Release|iPhone
		Release|iPhoneSimulator = Release|iPhoneSimulator
		Release|x64 = Release|x64
		Release|x86 = Release|x86
	EndGlobalSection
	GlobalSection(ProjectConfigurationPlatforms) = postSolution
		{1242084A-D606-4977-8417-084BBF481F7E}.Ad-Hoc|Any CPU.ActiveCfg = Release|Any CPU
		{1242084A-D606-4977-8417-084BBF481F7E}.Ad-Hoc|Any CPU.Build.0 = Release|Any CPU
		{1242084A-D606-4977-8417-084BBF481F7E}.Ad-Hoc|Any CPU.Deploy.0 = Release|Any CPU
		{1242084A-D606-4977-8417-084BBF481F7E}.Ad-Hoc|ARM.ActiveCfg = Release|Any CPU
		{1242084A-D606-4977-8417-084BBF481F7E}.Ad-Hoc|ARM.Build.0 = Release|Any CPU
		{1242084A-D606-4977-8417-084BBF481F7E}.Ad-Hoc|ARM.Deploy.0 = Release|Any CPU
		{1242084A-D606-4977-8417-084BBF481F7E}.Ad-Hoc|iPhone.ActiveCfg = Release|Any CPU
		{1242084A-D606-4977-8417-084BBF481F7E}.Ad-Hoc|iPhone.Build.0 = Release|Any CPU
		{1242084A-D606-4977-8417-084BBF481F7E}.Ad-Hoc|iPhone.Deploy.0 = Release|Any CPU
		{1242084A-D606-4977-8417-084BBF481F7E}.Ad-Hoc|iPhoneSimulator.ActiveCfg = Release|Any CPU
		{1242084A-D606-4977-8417-084BBF481F7E}.Ad-Hoc|iPhoneSimulator.Build.0 = Release|Any CPU
		{1242084A-D606-4977-8417-084BBF481F7E}.Ad-Hoc|iPhoneSimulator.Deploy.0 = Release|Any CPU
		{1242084A-D606-4977-8417-084BBF481F7E}.Ad-Hoc|x64.ActiveCfg = Release|Any CPU
		{1242084A-D606-4977-8417-084BBF481F7E}.Ad-Hoc|x64.Build.0 = Release|Any CPU
		{1242084A-D606-4977-8417-084BBF481F7E}.Ad-Hoc|x64.Deploy.0 = Release|Any CPU
		{1242084A-D606-4977-8417-084BBF481F7E}.Ad-Hoc|x86.ActiveCfg = Release|Any CPU
		{1242084A-D606-4977-8417-084BBF481F7E}.Ad-Hoc|x86.Build.0 = Release|Any CPU
		{1242084A-D606-4977-8417-084BBF481F7E}.Ad-Hoc|x86.Deploy.0 = Release|Any CPU
		{1242084A-D606-4977-8417-084BBF481F7E}.AppStore|Any CPU.ActiveCfg = Release|Any CPU
		{1242084A-D606-4977-8417-084BBF481F7E}.AppStore|Any CPU.Build.0 = Release|Any CPU
		{1242084A-D606-4977-8417-084BBF481F7E}.AppStore|Any CPU.Deploy.0 = Release|Any CPU
		{1242084A-D606-4977-8417-084BBF481F7E}.AppStore|ARM.ActiveCfg = Release|Any CPU
		{1242084A-D606-4977-8417-084BBF481F7E}.AppStore|ARM.Build.0 = Release|Any CPU
		{1242084A-D606-4977-8417-084BBF481F7E}.AppStore|ARM.Deploy.0 = Release|Any CPU
		{1242084A-D606-4977-8417-084BBF481F7E}.AppStore|iPhone.ActiveCfg = Release|Any CPU
		{1242084A-D606-4977-8417-084BBF481F7E}.AppStore|iPhone.Build.0 = Release|Any CPU
		{1242084A-D606-4977-8417-084BBF481F7E}.AppStore|iPhone.Deploy.0 = Release|Any CPU
		{1242084A-D606-4977-8417-084BBF481F7E}.AppStore|iPhoneSimulator.ActiveCfg = Release|Any CPU
		{1242084A-D606-4977-8417-084BBF481F7E}.AppStore|iPhoneSimulator.Build.0 = Release|Any CPU
		{1242084A-D606-4977-8417-084BBF481F7E}.AppStore|iPhoneSimulator.Deploy.0 = Release|Any CPU
		{1242084A-D606-4977-8417-084BBF481F7E}.AppStore|x64.ActiveCfg = Release|Any CPU
		{1242084A-D606-4977-8417-084BBF481F7E}.AppStore|x64.Build.0 = Release|Any CPU
		{1242084A-D606-4977-8417-084BBF481F7E}.AppStore|x64.Deploy.0 = Release|Any CPU
		{1242084A-D606-4977-8417-084BBF481F7E}.AppStore|x86.ActiveCfg = Release|Any CPU
		{1242084A-D606-4977-8417-084BBF481F7E}.AppStore|x86.Build.0 = Release|Any CPU
		{1242084A-D606-4977-8417-084BBF481F7E}.AppStore|x86.Deploy.0 = Release|Any CPU
		{1242084A-D606-4977-8417-084BBF481F7E}.Debug|Any CPU.ActiveCfg = Debug|Any CPU
		{1242084A-D606-4977-8417-084BBF481F7E}.Debug|Any CPU.Build.0 = Debug|Any CPU
		{1242084A-D606-4977-8417-084BBF481F7E}.Debug|Any CPU.Deploy.0 = Debug|Any CPU
		{1242084A-D606-4977-8417-084BBF481F7E}.Debug|ARM.ActiveCfg = Debug|Any CPU
		{1242084A-D606-4977-8417-084BBF481F7E}.Debug|ARM.Build.0 = Debug|Any CPU
		{1242084A-D606-4977-8417-084BBF481F7E}.Debug|ARM.Deploy.0 = Debug|Any CPU
		{1242084A-D606-4977-8417-084BBF481F7E}.Debug|iPhone.ActiveCfg = Debug|Any CPU
		{1242084A-D606-4977-8417-084BBF481F7E}.Debug|iPhone.Build.0 = Debug|Any CPU
		{1242084A-D606-4977-8417-084BBF481F7E}.Debug|iPhone.Deploy.0 = Debug|Any CPU
		{1242084A-D606-4977-8417-084BBF481F7E}.Debug|iPhoneSimulator.ActiveCfg = Debug|Any CPU
		{1242084A-D606-4977-8417-084BBF481F7E}.Debug|iPhoneSimulator.Build.0 = Debug|Any CPU
		{1242084A-D606-4977-8417-084BBF481F7E}.Debug|iPhoneSimulator.Deploy.0 = Debug|Any CPU
		{1242084A-D606-4977-8417-084BBF481F7E}.Debug|x64.ActiveCfg = Debug|Any CPU
		{1242084A-D606-4977-8417-084BBF481F7E}.Debug|x64.Build.0 = Debug|Any CPU
		{1242084A-D606-4977-8417-084BBF481F7E}.Debug|x64.Deploy.0 = Debug|Any CPU
		{1242084A-D606-4977-8417-084BBF481F7E}.Debug|x86.ActiveCfg = Debug|Any CPU
		{1242084A-D606-4977-8417-084BBF481F7E}.Debug|x86.Build.0 = Debug|Any CPU
		{1242084A-D606-4977-8417-084BBF481F7E}.Debug|x86.Deploy.0 = Debug|Any CPU
		{1242084A-D606-4977-8417-084BBF481F7E}.Release|Any CPU.ActiveCfg = Release|Any CPU
		{1242084A-D606-4977-8417-084BBF481F7E}.Release|Any CPU.Build.0 = Release|Any CPU
		{1242084A-D606-4977-8417-084BBF481F7E}.Release|Any CPU.Deploy.0 = Release|Any CPU
		{1242084A-D606-4977-8417-084BBF481F7E}.Release|ARM.ActiveCfg = Release|Any CPU
		{1242084A-D606-4977-8417-084BBF481F7E}.Release|ARM.Build.0 = Release|Any CPU
		{1242084A-D606-4977-8417-084BBF481F7E}.Release|ARM.Deploy.0 = Release|Any CPU
		{1242084A-D606-4977-8417-084BBF481F7E}.Release|iPhone.ActiveCfg = Release|Any CPU
		{1242084A-D606-4977-8417-084BBF481F7E}.Release|iPhone.Build.0 = Release|Any CPU
		{1242084A-D606-4977-8417-084BBF481F7E}.Release|iPhone.Deploy.0 = Release|Any CPU
		{1242084A-D606-4977-8417-084BBF481F7E}.Release|iPhoneSimulator.ActiveCfg = Release|Any CPU
		{1242084A-D606-4977-8417-084BBF481F7E}.Release|iPhoneSimulator.Build.0 = Release|Any CPU
		{1242084A-D606-4977-8417-084BBF481F7E}.Release|iPhoneSimulator.Deploy.0 = Release|Any CPU
		{1242084A-D606-4977-8417-084BBF481F7E}.Release|x64.ActiveCfg = Release|Any CPU
		{1242084A-D606-4977-8417-084BBF481F7E}.Release|x64.Build.0 = Release|Any CPU
		{1242084A-D606-4977-8417-084BBF481F7E}.Release|x64.Deploy.0 = Release|Any CPU
		{1242084A-D606-4977-8417-084BBF481F7E}.Release|x86.ActiveCfg = Release|Any CPU
		{1242084A-D606-4977-8417-084BBF481F7E}.Release|x86.Build.0 = Release|Any CPU
		{1242084A-D606-4977-8417-084BBF481F7E}.Release|x86.Deploy.0 = Release|Any CPU
		{E7EC9BC5-4CB9-4B02-9301-45F1CB5AA903}.Ad-Hoc|Any CPU.ActiveCfg = Release|Any CPU
		{E7EC9BC5-4CB9-4B02-9301-45F1CB5AA903}.Ad-Hoc|Any CPU.Build.0 = Release|Any CPU
		{E7EC9BC5-4CB9-4B02-9301-45F1CB5AA903}.Ad-Hoc|ARM.ActiveCfg = Release|Any CPU
		{E7EC9BC5-4CB9-4B02-9301-45F1CB5AA903}.Ad-Hoc|ARM.Build.0 = Release|Any CPU
		{E7EC9BC5-4CB9-4B02-9301-45F1CB5AA903}.Ad-Hoc|iPhone.ActiveCfg = Release|Any CPU
		{E7EC9BC5-4CB9-4B02-9301-45F1CB5AA903}.Ad-Hoc|iPhone.Build.0 = Release|Any CPU
		{E7EC9BC5-4CB9-4B02-9301-45F1CB5AA903}.Ad-Hoc|iPhoneSimulator.ActiveCfg = Release|Any CPU
		{E7EC9BC5-4CB9-4B02-9301-45F1CB5AA903}.Ad-Hoc|iPhoneSimulator.Build.0 = Release|Any CPU
		{E7EC9BC5-4CB9-4B02-9301-45F1CB5AA903}.Ad-Hoc|x64.ActiveCfg = Release|Any CPU
		{E7EC9BC5-4CB9-4B02-9301-45F1CB5AA903}.Ad-Hoc|x64.Build.0 = Release|Any CPU
		{E7EC9BC5-4CB9-4B02-9301-45F1CB5AA903}.Ad-Hoc|x86.ActiveCfg = Release|Any CPU
		{E7EC9BC5-4CB9-4B02-9301-45F1CB5AA903}.Ad-Hoc|x86.Build.0 = Release|Any CPU
		{E7EC9BC5-4CB9-4B02-9301-45F1CB5AA903}.AppStore|Any CPU.ActiveCfg = Release|Any CPU
		{E7EC9BC5-4CB9-4B02-9301-45F1CB5AA903}.AppStore|Any CPU.Build.0 = Release|Any CPU
		{E7EC9BC5-4CB9-4B02-9301-45F1CB5AA903}.AppStore|ARM.ActiveCfg = Release|Any CPU
		{E7EC9BC5-4CB9-4B02-9301-45F1CB5AA903}.AppStore|ARM.Build.0 = Release|Any CPU
		{E7EC9BC5-4CB9-4B02-9301-45F1CB5AA903}.AppStore|iPhone.ActiveCfg = Release|Any CPU
		{E7EC9BC5-4CB9-4B02-9301-45F1CB5AA903}.AppStore|iPhone.Build.0 = Release|Any CPU
		{E7EC9BC5-4CB9-4B02-9301-45F1CB5AA903}.AppStore|iPhoneSimulator.ActiveCfg = Release|Any CPU
		{E7EC9BC5-4CB9-4B02-9301-45F1CB5AA903}.AppStore|iPhoneSimulator.Build.0 = Release|Any CPU
		{E7EC9BC5-4CB9-4B02-9301-45F1CB5AA903}.AppStore|x64.ActiveCfg = Release|Any CPU
		{E7EC9BC5-4CB9-4B02-9301-45F1CB5AA903}.AppStore|x64.Build.0 = Release|Any CPU
		{E7EC9BC5-4CB9-4B02-9301-45F1CB5AA903}.AppStore|x86.ActiveCfg = Release|Any CPU
		{E7EC9BC5-4CB9-4B02-9301-45F1CB5AA903}.AppStore|x86.Build.0 = Release|Any CPU
		{E7EC9BC5-4CB9-4B02-9301-45F1CB5AA903}.Debug|Any CPU.ActiveCfg = Debug|Any CPU
		{E7EC9BC5-4CB9-4B02-9301-45F1CB5AA903}.Debug|Any CPU.Build.0 = Debug|Any CPU
		{E7EC9BC5-4CB9-4B02-9301-45F1CB5AA903}.Debug|ARM.ActiveCfg = Debug|Any CPU
		{E7EC9BC5-4CB9-4B02-9301-45F1CB5AA903}.Debug|ARM.Build.0 = Debug|Any CPU
		{E7EC9BC5-4CB9-4B02-9301-45F1CB5AA903}.Debug|iPhone.ActiveCfg = Debug|Any CPU
		{E7EC9BC5-4CB9-4B02-9301-45F1CB5AA903}.Debug|iPhone.Build.0 = Debug|Any CPU
		{E7EC9BC5-4CB9-4B02-9301-45F1CB5AA903}.Debug|iPhoneSimulator.ActiveCfg = Debug|Any CPU
		{E7EC9BC5-4CB9-4B02-9301-45F1CB5AA903}.Debug|iPhoneSimulator.Build.0 = Debug|Any CPU
		{E7EC9BC5-4CB9-4B02-9301-45F1CB5AA903}.Debug|x64.ActiveCfg = Debug|Any CPU
		{E7EC9BC5-4CB9-4B02-9301-45F1CB5AA903}.Debug|x64.Build.0 = Debug|Any CPU
		{E7EC9BC5-4CB9-4B02-9301-45F1CB5AA903}.Debug|x86.ActiveCfg = Debug|Any CPU
		{E7EC9BC5-4CB9-4B02-9301-45F1CB5AA903}.Debug|x86.Build.0 = Debug|Any CPU
		{E7EC9BC5-4CB9-4B02-9301-45F1CB5AA903}.Release|Any CPU.ActiveCfg = Release|Any CPU
		{E7EC9BC5-4CB9-4B02-9301-45F1CB5AA903}.Release|Any CPU.Build.0 = Release|Any CPU
		{E7EC9BC5-4CB9-4B02-9301-45F1CB5AA903}.Release|ARM.ActiveCfg = Release|Any CPU
		{E7EC9BC5-4CB9-4B02-9301-45F1CB5AA903}.Release|ARM.Build.0 = Release|Any CPU
		{E7EC9BC5-4CB9-4B02-9301-45F1CB5AA903}.Release|iPhone.ActiveCfg = Release|Any CPU
		{E7EC9BC5-4CB9-4B02-9301-45F1CB5AA903}.Release|iPhone.Build.0 = Release|Any CPU
		{E7EC9BC5-4CB9-4B02-9301-45F1CB5AA903}.Release|iPhoneSimulator.ActiveCfg = Release|Any CPU
		{E7EC9BC5-4CB9-4B02-9301-45F1CB5AA903}.Release|iPhoneSimulator.Build.0 = Release|Any CPU
		{E7EC9BC5-4CB9-4B02-9301-45F1CB5AA903}.Release|x64.ActiveCfg = Release|Any CPU
		{E7EC9BC5-4CB9-4B02-9301-45F1CB5AA903}.Release|x64.Build.0 = Release|Any CPU
		{E7EC9BC5-4CB9-4B02-9301-45F1CB5AA903}.Release|x86.ActiveCfg = Release|Any CPU
		{E7EC9BC5-4CB9-4B02-9301-45F1CB5AA903}.Release|x86.Build.0 = Release|Any CPU
		{3553CC11-EDDA-46E1-88B3-1C46FC841C4B}.Ad-Hoc|Any CPU.ActiveCfg = Release|x86
		{3553CC11-EDDA-46E1-88B3-1C46FC841C4B}.Ad-Hoc|Any CPU.Build.0 = Release|x86
		{3553CC11-EDDA-46E1-88B3-1C46FC841C4B}.Ad-Hoc|Any CPU.Deploy.0 = Release|x86
		{3553CC11-EDDA-46E1-88B3-1C46FC841C4B}.Ad-Hoc|ARM.ActiveCfg = Release|ARM
		{3553CC11-EDDA-46E1-88B3-1C46FC841C4B}.Ad-Hoc|ARM.Build.0 = Release|ARM
		{3553CC11-EDDA-46E1-88B3-1C46FC841C4B}.Ad-Hoc|ARM.Deploy.0 = Release|ARM
		{3553CC11-EDDA-46E1-88B3-1C46FC841C4B}.Ad-Hoc|iPhone.ActiveCfg = Release|x86
		{3553CC11-EDDA-46E1-88B3-1C46FC841C4B}.Ad-Hoc|iPhone.Build.0 = Release|x86
		{3553CC11-EDDA-46E1-88B3-1C46FC841C4B}.Ad-Hoc|iPhone.Deploy.0 = Release|x86
		{3553CC11-EDDA-46E1-88B3-1C46FC841C4B}.Ad-Hoc|iPhoneSimulator.ActiveCfg = Release|x86
		{3553CC11-EDDA-46E1-88B3-1C46FC841C4B}.Ad-Hoc|iPhoneSimulator.Build.0 = Release|x86
		{3553CC11-EDDA-46E1-88B3-1C46FC841C4B}.Ad-Hoc|iPhoneSimulator.Deploy.0 = Release|x86
		{3553CC11-EDDA-46E1-88B3-1C46FC841C4B}.Ad-Hoc|x64.ActiveCfg = Release|x64
		{3553CC11-EDDA-46E1-88B3-1C46FC841C4B}.Ad-Hoc|x64.Build.0 = Release|x64
		{3553CC11-EDDA-46E1-88B3-1C46FC841C4B}.Ad-Hoc|x64.Deploy.0 = Release|x64
		{3553CC11-EDDA-46E1-88B3-1C46FC841C4B}.Ad-Hoc|x86.ActiveCfg = Release|x86
		{3553CC11-EDDA-46E1-88B3-1C46FC841C4B}.Ad-Hoc|x86.Build.0 = Release|x86
		{3553CC11-EDDA-46E1-88B3-1C46FC841C4B}.Ad-Hoc|x86.Deploy.0 = Release|x86
		{3553CC11-EDDA-46E1-88B3-1C46FC841C4B}.AppStore|Any CPU.ActiveCfg = Release|x86
		{3553CC11-EDDA-46E1-88B3-1C46FC841C4B}.AppStore|Any CPU.Build.0 = Release|x86
		{3553CC11-EDDA-46E1-88B3-1C46FC841C4B}.AppStore|Any CPU.Deploy.0 = Release|x86
		{3553CC11-EDDA-46E1-88B3-1C46FC841C4B}.AppStore|ARM.ActiveCfg = Release|ARM
		{3553CC11-EDDA-46E1-88B3-1C46FC841C4B}.AppStore|ARM.Build.0 = Release|ARM
		{3553CC11-EDDA-46E1-88B3-1C46FC841C4B}.AppStore|ARM.Deploy.0 = Release|ARM
		{3553CC11-EDDA-46E1-88B3-1C46FC841C4B}.AppStore|iPhone.ActiveCfg = Release|x86
		{3553CC11-EDDA-46E1-88B3-1C46FC841C4B}.AppStore|iPhone.Build.0 = Release|x86
		{3553CC11-EDDA-46E1-88B3-1C46FC841C4B}.AppStore|iPhone.Deploy.0 = Release|x86
		{3553CC11-EDDA-46E1-88B3-1C46FC841C4B}.AppStore|iPhoneSimulator.ActiveCfg = Release|x86
		{3553CC11-EDDA-46E1-88B3-1C46FC841C4B}.AppStore|iPhoneSimulator.Build.0 = Release|x86
		{3553CC11-EDDA-46E1-88B3-1C46FC841C4B}.AppStore|iPhoneSimulator.Deploy.0 = Release|x86
		{3553CC11-EDDA-46E1-88B3-1C46FC841C4B}.AppStore|x64.ActiveCfg = Release|x64
		{3553CC11-EDDA-46E1-88B3-1C46FC841C4B}.AppStore|x64.Build.0 = Release|x64
		{3553CC11-EDDA-46E1-88B3-1C46FC841C4B}.AppStore|x64.Deploy.0 = Release|x64
		{3553CC11-EDDA-46E1-88B3-1C46FC841C4B}.AppStore|x86.ActiveCfg = Release|x86
		{3553CC11-EDDA-46E1-88B3-1C46FC841C4B}.AppStore|x86.Build.0 = Release|x86
		{3553CC11-EDDA-46E1-88B3-1C46FC841C4B}.AppStore|x86.Deploy.0 = Release|x86
		{3553CC11-EDDA-46E1-88B3-1C46FC841C4B}.Debug|Any CPU.ActiveCfg = Debug|x86
		{3553CC11-EDDA-46E1-88B3-1C46FC841C4B}.Debug|ARM.ActiveCfg = Debug|ARM
		{3553CC11-EDDA-46E1-88B3-1C46FC841C4B}.Debug|ARM.Build.0 = Debug|ARM
		{3553CC11-EDDA-46E1-88B3-1C46FC841C4B}.Debug|ARM.Deploy.0 = Debug|ARM
		{3553CC11-EDDA-46E1-88B3-1C46FC841C4B}.Debug|iPhone.ActiveCfg = Debug|x86
		{3553CC11-EDDA-46E1-88B3-1C46FC841C4B}.Debug|iPhoneSimulator.ActiveCfg = Debug|x86
		{3553CC11-EDDA-46E1-88B3-1C46FC841C4B}.Debug|x64.ActiveCfg = Debug|x64
		{3553CC11-EDDA-46E1-88B3-1C46FC841C4B}.Debug|x64.Build.0 = Debug|x64
		{3553CC11-EDDA-46E1-88B3-1C46FC841C4B}.Debug|x64.Deploy.0 = Debug|x64
		{3553CC11-EDDA-46E1-88B3-1C46FC841C4B}.Debug|x86.ActiveCfg = Debug|x86
		{3553CC11-EDDA-46E1-88B3-1C46FC841C4B}.Debug|x86.Build.0 = Debug|x86
		{3553CC11-EDDA-46E1-88B3-1C46FC841C4B}.Debug|x86.Deploy.0 = Debug|x86
		{3553CC11-EDDA-46E1-88B3-1C46FC841C4B}.Release|Any CPU.ActiveCfg = Release|x86
		{3553CC11-EDDA-46E1-88B3-1C46FC841C4B}.Release|ARM.ActiveCfg = Release|ARM
		{3553CC11-EDDA-46E1-88B3-1C46FC841C4B}.Release|ARM.Build.0 = Release|ARM
		{3553CC11-EDDA-46E1-88B3-1C46FC841C4B}.Release|ARM.Deploy.0 = Release|ARM
		{3553CC11-EDDA-46E1-88B3-1C46FC841C4B}.Release|iPhone.ActiveCfg = Release|x86
		{3553CC11-EDDA-46E1-88B3-1C46FC841C4B}.Release|iPhoneSimulator.ActiveCfg = Release|x86
		{3553CC11-EDDA-46E1-88B3-1C46FC841C4B}.Release|x64.ActiveCfg = Release|x64
		{3553CC11-EDDA-46E1-88B3-1C46FC841C4B}.Release|x64.Build.0 = Release|x64
		{3553CC11-EDDA-46E1-88B3-1C46FC841C4B}.Release|x64.Deploy.0 = Release|x64
		{3553CC11-EDDA-46E1-88B3-1C46FC841C4B}.Release|x86.ActiveCfg = Release|x86
		{3553CC11-EDDA-46E1-88B3-1C46FC841C4B}.Release|x86.Build.0 = Release|x86
		{3553CC11-EDDA-46E1-88B3-1C46FC841C4B}.Release|x86.Deploy.0 = Release|x86
		{68AC8414-850F-4892-B2B7-8E8967EE67E6}.Ad-Hoc|Any CPU.ActiveCfg = Ad-Hoc|iPhone
		{68AC8414-850F-4892-B2B7-8E8967EE67E6}.Ad-Hoc|ARM.ActiveCfg = Ad-Hoc|iPhone
		{68AC8414-850F-4892-B2B7-8E8967EE67E6}.Ad-Hoc|iPhone.ActiveCfg = Ad-Hoc|iPhone
		{68AC8414-850F-4892-B2B7-8E8967EE67E6}.Ad-Hoc|iPhone.Build.0 = Ad-Hoc|iPhone
		{68AC8414-850F-4892-B2B7-8E8967EE67E6}.Ad-Hoc|iPhoneSimulator.ActiveCfg = Ad-Hoc|iPhoneSimulator
		{68AC8414-850F-4892-B2B7-8E8967EE67E6}.Ad-Hoc|iPhoneSimulator.Build.0 = Ad-Hoc|iPhoneSimulator
		{68AC8414-850F-4892-B2B7-8E8967EE67E6}.Ad-Hoc|x64.ActiveCfg = Ad-Hoc|iPhone
		{68AC8414-850F-4892-B2B7-8E8967EE67E6}.Ad-Hoc|x86.ActiveCfg = Ad-Hoc|iPhone
		{68AC8414-850F-4892-B2B7-8E8967EE67E6}.AppStore|Any CPU.ActiveCfg = AppStore|iPhone
		{68AC8414-850F-4892-B2B7-8E8967EE67E6}.AppStore|ARM.ActiveCfg = AppStore|iPhone
		{68AC8414-850F-4892-B2B7-8E8967EE67E6}.AppStore|iPhone.ActiveCfg = AppStore|iPhone
		{68AC8414-850F-4892-B2B7-8E8967EE67E6}.AppStore|iPhone.Build.0 = AppStore|iPhone
		{68AC8414-850F-4892-B2B7-8E8967EE67E6}.AppStore|iPhoneSimulator.ActiveCfg = AppStore|iPhoneSimulator
		{68AC8414-850F-4892-B2B7-8E8967EE67E6}.AppStore|iPhoneSimulator.Build.0 = AppStore|iPhoneSimulator
		{68AC8414-850F-4892-B2B7-8E8967EE67E6}.AppStore|x64.ActiveCfg = AppStore|iPhone
		{68AC8414-850F-4892-B2B7-8E8967EE67E6}.AppStore|x86.ActiveCfg = AppStore|iPhone
		{68AC8414-850F-4892-B2B7-8E8967EE67E6}.Debug|Any CPU.ActiveCfg = Debug|iPhone
		{68AC8414-850F-4892-B2B7-8E8967EE67E6}.Debug|ARM.ActiveCfg = Debug|iPhone
		{68AC8414-850F-4892-B2B7-8E8967EE67E6}.Debug|iPhone.ActiveCfg = Debug|iPhone
		{68AC8414-850F-4892-B2B7-8E8967EE67E6}.Debug|iPhone.Build.0 = Debug|iPhone
		{68AC8414-850F-4892-B2B7-8E8967EE67E6}.Debug|iPhoneSimulator.ActiveCfg = Debug|iPhoneSimulator
		{68AC8414-850F-4892-B2B7-8E8967EE67E6}.Debug|iPhoneSimulator.Build.0 = Debug|iPhoneSimulator
		{68AC8414-850F-4892-B2B7-8E8967EE67E6}.Debug|x64.ActiveCfg = Debug|iPhone
		{68AC8414-850F-4892-B2B7-8E8967EE67E6}.Debug|x86.ActiveCfg = Debug|iPhone
		{68AC8414-850F-4892-B2B7-8E8967EE67E6}.Release|Any CPU.ActiveCfg = Release|iPhone
		{68AC8414-850F-4892-B2B7-8E8967EE67E6}.Release|ARM.ActiveCfg = Release|iPhone
		{68AC8414-850F-4892-B2B7-8E8967EE67E6}.Release|iPhone.ActiveCfg = Release|iPhone
		{68AC8414-850F-4892-B2B7-8E8967EE67E6}.Release|iPhone.Build.0 = Release|iPhone
		{68AC8414-850F-4892-B2B7-8E8967EE67E6}.Release|iPhoneSimulator.ActiveCfg = Release|iPhoneSimulator
		{68AC8414-850F-4892-B2B7-8E8967EE67E6}.Release|iPhoneSimulator.Build.0 = Release|iPhoneSimulator
		{68AC8414-850F-4892-B2B7-8E8967EE67E6}.Release|x64.ActiveCfg = Release|iPhone
		{68AC8414-850F-4892-B2B7-8E8967EE67E6}.Release|x86.ActiveCfg = Release|iPhone
	EndGlobalSection
	GlobalSection(SolutionProperties) = preSolution
		HideSolutionNode = FALSE
	EndGlobalSection
	GlobalSection(ExtensibilityGlobals) = postSolution
		SolutionGuid = {4A9FAEE1-0936-40CF-A2E4-7652E61B7184}
	EndGlobalSection
EndGlobal
